// !$*UTF8*$!
{
	archiveVersion = 1;
	classes = {
	};
	objectVersion = 48;
	objects = {

/* Begin PBXBuildFile section */
		4A06386B76FC81604C62A023 /* libPods-AOExampleImplementation.a in Frameworks */ = {isa = PBXBuildFile; fileRef = 8E38D4386B1BB34AE632D2ED /* libPods-AOExampleImplementation.a */; };
		C64BD87B1F31C064000097DF /* AppDelegate.m in Sources */ = {isa = PBXBuildFile; fileRef = C64BD87A1F31C064000097DF /* AppDelegate.m */; };
		C64BD87E1F31C064000097DF /* ViewController.m in Sources */ = {isa = PBXBuildFile; fileRef = C64BD87D1F31C064000097DF /* ViewController.m */; };
		C64BD8811F31C064000097DF /* Main.storyboard in Resources */ = {isa = PBXBuildFile; fileRef = C64BD87F1F31C064000097DF /* Main.storyboard */; };
		C64BD8831F31C064000097DF /* Assets.xcassets in Resources */ = {isa = PBXBuildFile; fileRef = C64BD8821F31C064000097DF /* Assets.xcassets */; };
		C64BD8861F31C064000097DF /* LaunchScreen.storyboard in Resources */ = {isa = PBXBuildFile; fileRef = C64BD8841F31C064000097DF /* LaunchScreen.storyboard */; };
		C64BD8891F31C064000097DF /* main.m in Sources */ = {isa = PBXBuildFile; fileRef = C64BD8881F31C064000097DF /* main.m */; };
/* End PBXBuildFile section */

/* Begin PBXFileReference section */
		89C041B117C9795561B62582 /* Pods-AOExampleImplementation.debug.xcconfig */ = {isa = PBXFileReference; includeInIndex = 1; lastKnownFileType = text.xcconfig; name = "Pods-AOExampleImplementation.debug.xcconfig"; path = "Pods/Target Support Files/Pods-AOExampleImplementation/Pods-AOExampleImplementation.debug.xcconfig"; sourceTree = "<group>"; };
		8E38D4386B1BB34AE632D2ED /* libPods-AOExampleImplementation.a */ = {isa = PBXFileReference; explicitFileType = archive.ar; includeInIndex = 0; path = "libPods-AOExampleImplementation.a"; sourceTree = BUILT_PRODUCTS_DIR; };
		C64BD8761F31C064000097DF /* AOExampleImplementation.app */ = {isa = PBXFileReference; explicitFileType = wrapper.application; includeInIndex = 0; path = AOExampleImplementation.app; sourceTree = BUILT_PRODUCTS_DIR; };
		C64BD8791F31C064000097DF /* AppDelegate.h */ = {isa = PBXFileReference; lastKnownFileType = sourcecode.c.h; path = AppDelegate.h; sourceTree = "<group>"; };
		C64BD87A1F31C064000097DF /* AppDelegate.m */ = {isa = PBXFileReference; lastKnownFileType = sourcecode.c.objc; path = AppDelegate.m; sourceTree = "<group>"; };
		C64BD87C1F31C064000097DF /* ViewController.h */ = {isa = PBXFileReference; lastKnownFileType = sourcecode.c.h; path = ViewController.h; sourceTree = "<group>"; };
		C64BD87D1F31C064000097DF /* ViewController.m */ = {isa = PBXFileReference; lastKnownFileType = sourcecode.c.objc; path = ViewController.m; sourceTree = "<group>"; };
		C64BD8801F31C064000097DF /* Base */ = {isa = PBXFileReference; lastKnownFileType = file.storyboard; name = Base; path = Base.lproj/Main.storyboard; sourceTree = "<group>"; };
		C64BD8821F31C064000097DF /* Assets.xcassets */ = {isa = PBXFileReference; lastKnownFileType = folder.assetcatalog; path = Assets.xcassets; sourceTree = "<group>"; };
		C64BD8851F31C064000097DF /* Base */ = {isa = PBXFileReference; lastKnownFileType = file.storyboard; name = Base; path = Base.lproj/LaunchScreen.storyboard; sourceTree = "<group>"; };
		C64BD8871F31C064000097DF /* Info.plist */ = {isa = PBXFileReference; lastKnownFileType = text.plist.xml; path = Info.plist; sourceTree = "<group>"; };
		C64BD8881F31C064000097DF /* main.m */ = {isa = PBXFileReference; lastKnownFileType = sourcecode.c.objc; path = main.m; sourceTree = "<group>"; };
		D53E7A5E431AB57640AAC422 /* Pods-AOExampleImplementation.release.xcconfig */ = {isa = PBXFileReference; includeInIndex = 1; lastKnownFileType = text.xcconfig; name = "Pods-AOExampleImplementation.release.xcconfig"; path = "Pods/Target Support Files/Pods-AOExampleImplementation/Pods-AOExampleImplementation.release.xcconfig"; sourceTree = "<group>"; };
/* End PBXFileReference section */

/* Begin PBXFrameworksBuildPhase section */
		C64BD8731F31C064000097DF /* Frameworks */ = {
			isa = PBXFrameworksBuildPhase;
			buildActionMask = 2147483647;
			files = (
				4A06386B76FC81604C62A023 /* libPods-AOExampleImplementation.a in Frameworks */,
			);
			runOnlyForDeploymentPostprocessing = 0;
		};
/* End PBXFrameworksBuildPhase section */

/* Begin PBXGroup section */
		AE13162B153BEDBC6C1E4FC2 /* Pods */ = {
			isa = PBXGroup;
			children = (
				89C041B117C9795561B62582 /* Pods-AOExampleImplementation.debug.xcconfig */,
				D53E7A5E431AB57640AAC422 /* Pods-AOExampleImplementation.release.xcconfig */,
			);
			name = Pods;
			sourceTree = "<group>";
		};
		BC52C58AE57CB817C677210A /* Frameworks */ = {
			isa = PBXGroup;
			children = (
				8E38D4386B1BB34AE632D2ED /* libPods-AOExampleImplementation.a */,
			);
			name = Frameworks;
			sourceTree = "<group>";
		};
		C64BD86D1F31C064000097DF = {
			isa = PBXGroup;
			children = (
				C64BD8781F31C064000097DF /* AOExampleImplementation */,
				C64BD8771F31C064000097DF /* Products */,
				AE13162B153BEDBC6C1E4FC2 /* Pods */,
				BC52C58AE57CB817C677210A /* Frameworks */,
			);
			sourceTree = "<group>";
		};
		C64BD8771F31C064000097DF /* Products */ = {
			isa = PBXGroup;
			children = (
				C64BD8761F31C064000097DF /* AOExampleImplementation.app */,
			);
			name = Products;
			sourceTree = "<group>";
		};
		C64BD8781F31C064000097DF /* AOExampleImplementation */ = {
			isa = PBXGroup;
			children = (
				C64BD8791F31C064000097DF /* AppDelegate.h */,
				C64BD87A1F31C064000097DF /* AppDelegate.m */,
				C64BD87C1F31C064000097DF /* ViewController.h */,
				C64BD87D1F31C064000097DF /* ViewController.m */,
				C64BD87F1F31C064000097DF /* Main.storyboard */,
				C64BD8821F31C064000097DF /* Assets.xcassets */,
				C64BD8841F31C064000097DF /* LaunchScreen.storyboard */,
				C64BD8871F31C064000097DF /* Info.plist */,
				C64BD8881F31C064000097DF /* main.m */,
			);
			path = AOExampleImplementation;
			sourceTree = "<group>";
		};
/* End PBXGroup section */

/* Begin PBXNativeTarget section */
		C64BD8751F31C064000097DF /* AOExampleImplementation */ = {
			isa = PBXNativeTarget;
			buildConfigurationList = C64BD88C1F31C064000097DF /* Build configuration list for PBXNativeTarget "AOExampleImplementation" */;
			buildPhases = (
				CA87E585551278E80A2E51F7 /* [CP] Check Pods Manifest.lock */,
				C64BD8721F31C064000097DF /* Sources */,
				C64BD8731F31C064000097DF /* Frameworks */,
				C64BD8741F31C064000097DF /* Resources */,
				E0FC5D7929BD535932FCB884 /* [CP] Embed Pods Frameworks */,
				2DB704BA319A177F261D6297 /* [CP] Copy Pods Resources */,
			);
			buildRules = (
			);
			dependencies = (
			);
			name = AOExampleImplementation;
			productName = AOExampleImplementation;
			productReference = C64BD8761F31C064000097DF /* AOExampleImplementation.app */;
			productType = "com.apple.product-type.application";
		};
/* End PBXNativeTarget section */

/* Begin PBXProject section */
		C64BD86E1F31C064000097DF /* Project object */ = {
			isa = PBXProject;
			attributes = {
				LastUpgradeCheck = 0900;
				ORGANIZATIONNAME = Papercloud;
				TargetAttributes = {
					C64BD8751F31C064000097DF = {
						CreatedOnToolsVersion = 9.0;
						ProvisioningStyle = Manual;
					};
				};
			};
			buildConfigurationList = C64BD8711F31C064000097DF /* Build configuration list for PBXProject "AOExampleImplementation" */;
			compatibilityVersion = "Xcode 8.0";
			developmentRegion = en;
			hasScannedForEncodings = 0;
			knownRegions = (
				en,
				Base,
			);
			mainGroup = C64BD86D1F31C064000097DF;
			productRefGroup = C64BD8771F31C064000097DF /* Products */;
			projectDirPath = "";
			projectRoot = "";
			targets = (
				C64BD8751F31C064000097DF /* AOExampleImplementation */,
			);
		};
/* End PBXProject section */

/* Begin PBXResourcesBuildPhase section */
		C64BD8741F31C064000097DF /* Resources */ = {
			isa = PBXResourcesBuildPhase;
			buildActionMask = 2147483647;
			files = (
				C64BD8861F31C064000097DF /* LaunchScreen.storyboard in Resources */,
				C64BD8831F31C064000097DF /* Assets.xcassets in Resources */,
				C64BD8811F31C064000097DF /* Main.storyboard in Resources */,
			);
			runOnlyForDeploymentPostprocessing = 0;
		};
/* End PBXResourcesBuildPhase section */

/* Begin PBXShellScriptBuildPhase section */
		2DB704BA319A177F261D6297 /* [CP] Copy Pods Resources */ = {
			isa = PBXShellScriptBuildPhase;
			buildActionMask = 2147483647;
			files = (
			);
			inputPaths = (
			);
			name = "[CP] Copy Pods Resources";
			outputPaths = (
			);
			runOnlyForDeploymentPostprocessing = 0;
			shellPath = /bin/sh;
			shellScript = "\"${SRCROOT}/Pods/Target Support Files/Pods-AOExampleImplementation/Pods-AOExampleImplementation-resources.sh\"\n";
			showEnvVarsInLog = 0;
		};
		CA87E585551278E80A2E51F7 /* [CP] Check Pods Manifest.lock */ = {
			isa = PBXShellScriptBuildPhase;
			buildActionMask = 2147483647;
			files = (
			);
			inputPaths = (
			);
			name = "[CP] Check Pods Manifest.lock";
			outputPaths = (
			);
			runOnlyForDeploymentPostprocessing = 0;
			shellPath = /bin/sh;
			shellScript = "diff \"${PODS_PODFILE_DIR_PATH}/Podfile.lock\" \"${PODS_ROOT}/Manifest.lock\" > /dev/null\nif [ $? != 0 ] ; then\n    # print error to STDERR\n    echo \"error: The sandbox is not in sync with the Podfile.lock. Run 'pod install' or update your CocoaPods installation.\" >&2\n    exit 1\nfi\n";
			showEnvVarsInLog = 0;
		};
		E0FC5D7929BD535932FCB884 /* [CP] Embed Pods Frameworks */ = {
			isa = PBXShellScriptBuildPhase;
			buildActionMask = 2147483647;
			files = (
			);
			inputPaths = (
			);
			name = "[CP] Embed Pods Frameworks";
			outputPaths = (
			);
			runOnlyForDeploymentPostprocessing = 0;
			shellPath = /bin/sh;
			shellScript = "\"${SRCROOT}/Pods/Target Support Files/Pods-AOExampleImplementation/Pods-AOExampleImplementation-frameworks.sh\"\n";
			showEnvVarsInLog = 0;
		};
/* End PBXShellScriptBuildPhase section */

/* Begin PBXSourcesBuildPhase section */
		C64BD8721F31C064000097DF /* Sources */ = {
			isa = PBXSourcesBuildPhase;
			buildActionMask = 2147483647;
			files = (
				C64BD87E1F31C064000097DF /* ViewController.m in Sources */,
				C64BD8891F31C064000097DF /* main.m in Sources */,
				C64BD87B1F31C064000097DF /* AppDelegate.m in Sources */,
			);
			runOnlyForDeploymentPostprocessing = 0;
		};
/* End PBXSourcesBuildPhase section */

/* Begin PBXVariantGroup section */
		C64BD87F1F31C064000097DF /* Main.storyboard */ = {
			isa = PBXVariantGroup;
			children = (
				C64BD8801F31C064000097DF /* Base */,
			);
			name = Main.storyboard;
			sourceTree = "<group>";
		};
		C64BD8841F31C064000097DF /* LaunchScreen.storyboard */ = {
			isa = PBXVariantGroup;
			children = (
				C64BD8851F31C064000097DF /* Base */,
			);
			name = LaunchScreen.storyboard;
			sourceTree = "<group>";
		};
/* End PBXVariantGroup section */

/* Begin XCBuildConfiguration section */
		C64BD88A1F31C064000097DF /* Debug */ = {
			isa = XCBuildConfiguration;
			buildSettings = {
				ALWAYS_SEARCH_USER_PATHS = NO;
				CLANG_ANALYZER_NONNULL = YES;
				CLANG_ANALYZER_NUMBER_OBJECT_CONVERSION = YES_AGGRESSIVE;
				CLANG_CXX_LANGUAGE_STANDARD = "gnu++14";
				CLANG_CXX_LIBRARY = "libc++";
				CLANG_ENABLE_MODULES = YES;
				CLANG_ENABLE_OBJC_ARC = YES;
				CLANG_WARN_BLOCK_CAPTURE_AUTORELEASING = YES;
				CLANG_WARN_BOOL_CONVERSION = YES;
				CLANG_WARN_COMMA = YES;
				CLANG_WARN_CONSTANT_CONVERSION = YES;
				CLANG_WARN_DIRECT_OBJC_ISA_USAGE = YES_ERROR;
				CLANG_WARN_DOCUMENTATION_COMMENTS = YES;
				CLANG_WARN_EMPTY_BODY = YES;
				CLANG_WARN_ENUM_CONVERSION = YES;
				CLANG_WARN_INFINITE_RECURSION = YES;
				CLANG_WARN_INT_CONVERSION = YES;
				CLANG_WARN_OBJC_ROOT_CLASS = YES_ERROR;
				CLANG_WARN_RANGE_LOOP_ANALYSIS = YES;
				CLANG_WARN_STRICT_PROTOTYPES = YES;
				CLANG_WARN_SUSPICIOUS_MOVE = YES;
				CLANG_WARN_UNGUARDED_AVAILABILITY = YES_AGGRESSIVE;
				CLANG_WARN_UNREACHABLE_CODE = YES;
				CLANG_WARN__DUPLICATE_METHOD_MATCH = YES;
				CODE_SIGN_IDENTITY = "iPhone Developer";
				COPY_PHASE_STRIP = NO;
				DEBUG_INFORMATION_FORMAT = dwarf;
				ENABLE_STRICT_OBJC_MSGSEND = YES;
				ENABLE_TESTABILITY = YES;
				GCC_C_LANGUAGE_STANDARD = gnu11;
				GCC_DYNAMIC_NO_PIC = NO;
				GCC_NO_COMMON_BLOCKS = YES;
				GCC_OPTIMIZATION_LEVEL = 0;
				GCC_PREPROCESSOR_DEFINITIONS = (
					"DEBUG=1",
					"$(inherited)",
				);
				GCC_WARN_64_TO_32_BIT_CONVERSION = YES;
				GCC_WARN_ABOUT_RETURN_TYPE = YES_ERROR;
				GCC_WARN_UNDECLARED_SELECTOR = YES;
				GCC_WARN_UNINITIALIZED_AUTOS = YES_AGGRESSIVE;
				GCC_WARN_UNUSED_FUNCTION = YES;
				GCC_WARN_UNUSED_VARIABLE = YES;
				IPHONEOS_DEPLOYMENT_TARGET = 11.0;
				MTL_ENABLE_DEBUG_INFO = YES;
				ONLY_ACTIVE_ARCH = YES;
				SDKROOT = iphoneos;
			};
			name = Debug;
		};
		C64BD88B1F31C064000097DF /* Release */ = {
			isa = XCBuildConfiguration;
			buildSettings = {
				ALWAYS_SEARCH_USER_PATHS = NO;
				CLANG_ANALYZER_NONNULL = YES;
				CLANG_ANALYZER_NUMBER_OBJECT_CONVERSION = YES_AGGRESSIVE;
				CLANG_CXX_LANGUAGE_STANDARD = "gnu++14";
				CLANG_CXX_LIBRARY = "libc++";
				CLANG_ENABLE_MODULES = YES;
				CLANG_ENABLE_OBJC_ARC = YES;
				CLANG_WARN_BLOCK_CAPTURE_AUTORELEASING = YES;
				CLANG_WARN_BOOL_CONVERSION = YES;
				CLANG_WARN_COMMA = YES;
				CLANG_WARN_CONSTANT_CONVERSION = YES;
				CLANG_WARN_DIRECT_OBJC_ISA_USAGE = YES_ERROR;
				CLANG_WARN_DOCUMENTATION_COMMENTS = YES;
				CLANG_WARN_EMPTY_BODY = YES;
				CLANG_WARN_ENUM_CONVERSION = YES;
				CLANG_WARN_INFINITE_RECURSION = YES;
				CLANG_WARN_INT_CONVERSION = YES;
				CLANG_WARN_OBJC_ROOT_CLASS = YES_ERROR;
				CLANG_WARN_RANGE_LOOP_ANALYSIS = YES;
				CLANG_WARN_STRICT_PROTOTYPES = YES;
				CLANG_WARN_SUSPICIOUS_MOVE = YES;
				CLANG_WARN_UNGUARDED_AVAILABILITY = YES_AGGRESSIVE;
				CLANG_WARN_UNREACHABLE_CODE = YES;
				CLANG_WARN__DUPLICATE_METHOD_MATCH = YES;
				CODE_SIGN_IDENTITY = "iPhone Developer";
				COPY_PHASE_STRIP = NO;
				DEBUG_INFORMATION_FORMAT = "dwarf-with-dsym";
				ENABLE_NS_ASSERTIONS = NO;
				ENABLE_STRICT_OBJC_MSGSEND = YES;
				GCC_C_LANGUAGE_STANDARD = gnu11;
				GCC_NO_COMMON_BLOCKS = YES;
				GCC_WARN_64_TO_32_BIT_CONVERSION = YES;
				GCC_WARN_ABOUT_RETURN_TYPE = YES_ERROR;
				GCC_WARN_UNDECLARED_SELECTOR = YES;
				GCC_WARN_UNINITIALIZED_AUTOS = YES_AGGRESSIVE;
				GCC_WARN_UNUSED_FUNCTION = YES;
				GCC_WARN_UNUSED_VARIABLE = YES;
				IPHONEOS_DEPLOYMENT_TARGET = 11.0;
				MTL_ENABLE_DEBUG_INFO = NO;
				SDKROOT = iphoneos;
				VALIDATE_PRODUCT = YES;
			};
			name = Release;
		};
		C64BD88D1F31C064000097DF /* Debug */ = {
			isa = XCBuildConfiguration;
			baseConfigurationReference = 89C041B117C9795561B62582 /* Pods-AOExampleImplementation.debug.xcconfig */;
			buildSettings = {
				ASSETCATALOG_COMPILER_APPICON_NAME = AppIcon;
				CODE_SIGN_STYLE = Manual;
				DEVELOPMENT_TEAM = "";
				INFOPLIST_FILE = AOExampleImplementation/Info.plist;
				IPHONEOS_DEPLOYMENT_TARGET = 9.0;
				LD_RUNPATH_SEARCH_PATHS = "$(inherited) @executable_path/Frameworks";
				PRODUCT_BUNDLE_IDENTIFIER = au.com.papercloud.AOExampleImplementation;
				PRODUCT_NAME = "$(TARGET_NAME)";
				PROVISIONING_PROFILE_SPECIFIER = "";
				TARGETED_DEVICE_FAMILY = "1,2";
			};
			name = Debug;
		};
		C64BD88E1F31C064000097DF /* Release */ = {
			isa = XCBuildConfiguration;
			baseConfigurationReference = D53E7A5E431AB57640AAC422 /* Pods-AOExampleImplementation.release.xcconfig */;
			buildSettings = {
				ASSETCATALOG_COMPILER_APPICON_NAME = AppIcon;
				CODE_SIGN_STYLE = Manual;
				DEVELOPMENT_TEAM = "";
				INFOPLIST_FILE = AOExampleImplementation/Info.plist;
				IPHONEOS_DEPLOYMENT_TARGET = 9.0;
				LD_RUNPATH_SEARCH_PATHS = "$(inherited) @executable_path/Frameworks";
				PRODUCT_BUNDLE_IDENTIFIER = au.com.papercloud.AOExampleImplementation;
				PRODUCT_NAME = "$(TARGET_NAME)";
				PROVISIONING_PROFILE_SPECIFIER = "";
				TARGETED_DEVICE_FAMILY = "1,2";
			};
			name = Release;
		};
/* End XCBuildConfiguration section */

/* Begin XCConfigurationList section */
		C64BD8711F31C064000097DF /* Build configuration list for PBXProject "AOExampleImplementation" */ = {
			isa = XCConfigurationList;
			buildConfigurations = (
				C64BD88A1F31C064000097DF /* Debug */,
				C64BD88B1F31C064000097DF /* Release */,
			);
			defaultConfigurationIsVisible = 0;
			defaultConfigurationName = Release;
		};
		C64BD88C1F31C064000097DF /* Build configuration list for PBXNativeTarget "AOExampleImplementation" */ = {
			isa = XCConfigurationList;
			buildConfigurations = (
				C64BD88D1F31C064000097DF /* Debug */,
				C64BD88E1F31C064000097DF /* Release */,
			);
			defaultConfigurationIsVisible = 0;
			defaultConfigurationName = Release;
		};
/* End XCConfigurationList section */
	};
	rootObject = C64BD86E1F31C064000097DF /* Project object */;
}
